
Microsoft Visual Studio Solution File, Format Version 11.00
# Visual Studio 2010
Project("{FAE04EC0-301F-11D3-BF4B-00C04F79EFBC}") = "Tests", "Tests.csproj", "{468E1F90-4CFE-3DA2-568F-47FD6A6B373D}"
EndProject
Project("{FAE04EC0-301F-11D3-BF4B-00C04F79EFBC}") = "Script", "Script.csproj", "{DE3560FF-3D5B-DD1E-CBD0-EB8B22F541D4}"
EndProject
Global
	GlobalSection(SolutionConfigurationPlatforms) = preSolution
		Debug|Any CPU = Debug|Any CPU
		Release|Any CPU = Release|Any CPU
	EndGlobalSection
	GlobalSection(ProjectConfigurationPlatforms) = postSolution
		{468E1F90-4CFE-3DA2-568F-47FD6A6B373D}.Debug|Any CPU.ActiveCfg = Debug|Any CPU
		{468E1F90-4CFE-3DA2-568F-47FD6A6B373D}.Debug|Any CPU.Build.0 = Debug|Any CPU
		{468E1F90-4CFE-3DA2-568F-47FD6A6B373D}.Release|Any CPU.ActiveCfg = Release|Any CPU
		{468E1F90-4CFE-3DA2-568F-47FD6A6B373D}.Release|Any CPU.Build.0 = Release|Any CPU
		{DE3560FF-3D5B-DD1E-CBD0-EB8B22F541D4}.Debug|Any CPU.ActiveCfg = Debug|Any CPU
		{DE3560FF-3D5B-DD1E-CBD0-EB8B22F541D4}.Debug|Any CPU.Build.0 = Debug|Any CPU
		{DE3560FF-3D5B-DD1E-CBD0-EB8B22F541D4}.Release|Any CPU.ActiveCfg = Release|Any CPU
		{DE3560FF-3D5B-DD1E-CBD0-EB8B22F541D4}.Release|Any CPU.Build.0 = Release|Any CPU
	EndGlobalSection
	GlobalSection(SolutionProperties) = preSolution
		HideSolutionNode = FALSE
	EndGlobalSection
EndGlobal
